
Microsoft Visual Studio Solution File, Format Version 11.00
# Visual C# Express 2010
Project("{FAE04EC0-301F-11D3-BF4B-00C04F79EFBC}") = "Battleship", "Battleship\Battleship.csproj", "{17143BEA-14EB-496D-8238-A3DFF8C18DD8}"
EndProject
Project("{FAE04EC0-301F-11D3-BF4B-00C04F79EFBC}") = "GameLibrary", "GameLibrary\GameLibrary.csproj", "{FE320D43-1983-451C-BC20-66EB0AA1C6AB}"
EndProject
Global
	GlobalSection(SolutionConfigurationPlatforms) = preSolution
		Debug|Any CPU = Debug|Any CPU
		Debug|Mixed Platforms = Debug|Mixed Platforms
		Debug|x86 = Debug|x86
		Release|Any CPU = Release|Any CPU
		Release|Mixed Platforms = Release|Mixed Platforms
		Release|x86 = Release|x86
	EndGlobalSection
	GlobalSection(ProjectConfigurationPlatforms) = postSolution
		{17143BEA-14EB-496D-8238-A3DFF8C18DD8}.Debug|Any CPU.ActiveCfg = Debug|x86
		{17143BEA-14EB-496D-8238-A3DFF8C18DD8}.Debug|Mixed Platforms.ActiveCfg = Debug|x86
		{17143BEA-14EB-496D-8238-A3DFF8C18DD8}.Debug|Mixed Platforms.Build.0 = Debug|x86
		{17143BEA-14EB-496D-8238-A3DFF8C18DD8}.Debug|x86.ActiveCfg = Debug|x86
		{17143BEA-14EB-496D-8238-A3DFF8C18DD8}.Debug|x86.Build.0 = Debug|x86
		{17143BEA-14EB-496D-8238-A3DFF8C18DD8}.Release|Any CPU.ActiveCfg = Release|x86
		{17143BEA-14EB-496D-8238-A3DFF8C18DD8}.Release|Mixed Platforms.ActiveCfg = Release|x86
		{17143BEA-14EB-496D-8238-A3DFF8C18DD8}.Release|Mixed Platforms.Build.0 = Release|x86
		{17143BEA-14EB-496D-8238-A3DFF8C18DD8}.Release|x86.ActiveCfg = Release|x86
		{17143BEA-14EB-496D-8238-A3DFF8C18DD8}.Release|x86.Build.0 = Release|x86
		{FE320D43-1983-451C-BC20-66EB0AA1C6AB}.Debug|Any CPU.ActiveCfg = Debug|Any CPU
		{FE320D43-1983-451C-BC20-66EB0AA1C6AB}.Debug|Any CPU.Build.0 = Debug|Any CPU
		{FE320D43-1983-451C-BC20-66EB0AA1C6AB}.Debug|Mixed Platforms.ActiveCfg = Debug|Any CPU
		{FE320D43-1983-451C-BC20-66EB0AA1C6AB}.Debug|Mixed Platforms.Build.0 = Debug|Any CPU
		{FE320D43-1983-451C-BC20-66EB0AA1C6AB}.Debug|x86.ActiveCfg = Debug|Any CPU
		{FE320D43-1983-451C-BC20-66EB0AA1C6AB}.Release|Any CPU.ActiveCfg = Release|Any CPU
		{FE320D43-1983-451C-BC20-66EB0AA1C6AB}.Release|Any CPU.Build.0 = Release|Any CPU
		{FE320D43-1983-451C-BC20-66EB0AA1C6AB}.Release|Mixed Platforms.ActiveCfg = Release|Any CPU
		{FE320D43-1983-451C-BC20-66EB0AA1C6AB}.Release|Mixed Platforms.Build.0 = Release|Any CPU
		{FE320D43-1983-451C-BC20-66EB0AA1C6AB}.Release|x86.ActiveCfg = Release|Any CPU
	EndGlobalSection
	GlobalSection(SolutionProperties) = preSolution
		HideSolutionNode = FALSE
	EndGlobalSection
EndGlobal
